
Microsoft Visual Studio Solution File, Format Version 12.00
# Visual Studio Version 16
VisualStudioVersion = 16.0.31205.134
MinimumVisualStudioVersion = 10.0.40219.1
Project("{9A19103F-16F7-4668-BE54-9A1E7A4F7556}") = "BlazorCustomerAppointmnet.Server", "BlazorCustomerAppointmnet\Server\BlazorCustomerAppointmnet.Server.csproj", "{369FFE0B-4EC7-4C8C-83DD-D461546EC784}"
EndProject
Project("{9A19103F-16F7-4668-BE54-9A1E7A4F7556}") = "BlazorCustomerAppointmnet.Client", "BlazorCustomerAppointmnet\Client\BlazorCustomerAppointmnet.Client.csproj", "{1141C716-19A3-4382-B5E3-9C553FB64DB5}"
EndProject
Project("{9A19103F-16F7-4668-BE54-9A1E7A4F7556}") = "BlazorCustomerAppointmnet.Shared", "BlazorCustomerAppointmnet\Shared\BlazorCustomerAppointmnet.Shared.csproj", "{5716BAF1-EA94-4D9C-9D12-20CBE3B3776D}"
EndProject
Global
	GlobalSection(SolutionConfigurationPlatforms) = preSolution
		Debug|Any CPU = Debug|Any CPU
		Release|Any CPU = Release|Any CPU
	EndGlobalSection
	GlobalSection(ProjectConfigurationPlatforms) = postSolution
		{369FFE0B-4EC7-4C8C-83DD-D461546EC784}.Debug|Any CPU.ActiveCfg = Debug|Any CPU
		{369FFE0B-4EC7-4C8C-83DD-D461546EC784}.Debug|Any CPU.Build.0 = Debug|Any CPU
		{369FFE0B-4EC7-4C8C-83DD-D461546EC784}.Release|Any CPU.ActiveCfg = Release|Any CPU
		{369FFE0B-4EC7-4C8C-83DD-D461546EC784}.Release|Any CPU.Build.0 = Release|Any CPU
		{1141C716-19A3-4382-B5E3-9C553FB64DB5}.Debug|Any CPU.ActiveCfg = Debug|Any CPU
		{1141C716-19A3-4382-B5E3-9C553FB64DB5}.Debug|Any CPU.Build.0 = Debug|Any CPU
		{1141C716-19A3-4382-B5E3-9C553FB64DB5}.Release|Any CPU.ActiveCfg = Release|Any CPU
		{1141C716-19A3-4382-B5E3-9C553FB64DB5}.Release|Any CPU.Build.0 = Release|Any CPU
		{5716BAF1-EA94-4D9C-9D12-20CBE3B3776D}.Debug|Any CPU.ActiveCfg = Debug|Any CPU
		{5716BAF1-EA94-4D9C-9D12-20CBE3B3776D}.Debug|Any CPU.Build.0 = Debug|Any CPU
		{5716BAF1-EA94-4D9C-9D12-20CBE3B3776D}.Release|Any CPU.ActiveCfg = Release|Any CPU
		{5716BAF1-EA94-4D9C-9D12-20CBE3B3776D}.Release|Any CPU.Build.0 = Release|Any CPU
	EndGlobalSection
	GlobalSection(SolutionProperties) = preSolution
		HideSolutionNode = FALSE
	EndGlobalSection
	GlobalSection(ExtensibilityGlobals) = postSolution
		SolutionGuid = {0C62DF45-16DC-4C27-B795-23E9E4D6BD10}
	EndGlobalSection
EndGlobal
